{
  "format_version": "1.2",
  "terraform_version": "1.8.4",
  "variables": {
    "cloud_provider": {
      "value": "AWS"
    },
    "cluster_name": {
      "value": "tfvdj"
    },
    "database_name": {
      "value": "test"
    },
    "dbuser": {
      "value": "dbuser"
    },
    "dbuser_password": {
      "value": "dbpassword"
    },
    "ip_address": {
      "value": "34.72.231.33"
    },
    "mongodbversion": {
      "value": "8"
    },
    "private_key": {
      "value": "f8f07ab2-b1c4-4f0b-914a-f7c2f82f4e07"
    },
    "project_id": {
      "value": "688b7a59f6f95e0fc117d37b"
    },
    "public_key": {
      "value": "pqnxkezr"
    },
    "region": {
      "value": "EU_WEST_1"
    }
  },
  "planned_values": {
    "outputs": {
      "connection_strings": {
        "sensitive": false
      }
    },
    "root_module": {
      "resources": [
        {
          "address": "mongodbatlas_cluster.cluster",
          "mode": "managed",
          "type": "mongodbatlas_cluster",
          "name": "cluster",
          "provider_name": "registry.terraform.io/mongodb/mongodbatlas",
          "schema_version": 1,
          "values": {
            "cluster_type": "REPLICASET",
            "labels": [],
            "mongo_db_major_version": "8.0",
            "name": "tfvdj",
            "project_id": "688b7a59f6f95e0fc117d37b",
            "provider_instance_size_name": "M10",
            "provider_name": "AWS",
            "replication_specs": [
              {
                "num_shards": 1,
                "regions_config": [
                  {
                    "analytics_nodes": 0,
                    "electable_nodes": 3,
                    "priority": 7,
                    "read_only_nodes": 0,
                    "region_name": "EU_WEST_1"
                  }
                ],
                "zone_name": "ZoneName managed by Terraform"
              }
            ],
            "retain_backups_enabled": null,
            "tags": [],
            "timeouts": null
          },
          "sensitive_values": {
            "advanced_configuration": [],
            "bi_connector_config": [],
            "connection_strings": [],
            "labels": [],
            "replication_specs": [
              {
                "regions_config": [
                  {}
                ]
              }
            ],
            "snapshot_backup_policy": [],
            "tags": []
          }
        }
      ]
    }
  },
  "resource_changes": [
    {
      "address": "mongodbatlas_cluster.cluster",
      "mode": "managed",
      "type": "mongodbatlas_cluster",
      "name": "cluster",
      "provider_name": "registry.terraform.io/mongodb/mongodbatlas",
      "change": {
        "actions": [
          "create"
        ],
        "before": null,
        "after": {
          "cluster_type": "REPLICASET",
          "labels": [],
          "mongo_db_major_version": "8.0",
          "name": "tfvdj",
          "project_id": "688b7a59f6f95e0fc117d37b",
          "provider_instance_size_name": "M10",
          "provider_name": "AWS",
          "replication_specs": [
            {
              "num_shards": 1,
              "regions_config": [
                {
                  "analytics_nodes": 0,
                  "electable_nodes": 3,
                  "priority": 7,
                  "read_only_nodes": 0,
                  "region_name": "EU_WEST_1"
                }
              ],
              "zone_name": "ZoneName managed by Terraform"
            }
          ],
          "retain_backups_enabled": null,
          "tags": [],
          "timeouts": null
        },
        "after_unknown": {
          "accept_data_risks_and_force_replica_set_reconfig": true,
          "advanced_configuration": true,
          "auto_scaling_compute_enabled": true,
          "auto_scaling_compute_scale_down_enabled": true,
          "auto_scaling_disk_gb_enabled": true,
          "backing_provider_name": true,
          "backup_enabled": true,
          "bi_connector_config": true,
          "cloud_backup": true,
          "cluster_id": true,
          "connection_strings": true,
          "container_id": true,
          "disk_size_gb": true,
          "encryption_at_rest_provider": true,
          "id": true,
          "labels": [],
          "mongo_db_version": true,
          "mongo_uri": true,
          "mongo_uri_updated": true,
          "mongo_uri_with_options": true,
          "num_shards": true,
          "paused": true,
          "pit_enabled": true,
          "provider_auto_scaling_compute_max_instance_size": true,
          "provider_auto_scaling_compute_min_instance_size": true,
          "provider_disk_iops": true,
          "provider_disk_type_name": true,
          "provider_encrypt_ebs_volume": true,
          "provider_encrypt_ebs_volume_flag": true,
          "provider_region_name": true,
          "provider_volume_type": true,
          "replication_factor": true,
          "replication_specs": [
            {
              "id": true,
              "regions_config": [
                {}
              ]
            }
          ],
          "snapshot_backup_policy": true,
          "srv_address": true,
          "state_name": true,
          "tags": [],
          "termination_protection_enabled": true,
          "version_release_system": true
        },
        "before_sensitive": false,
        "after_sensitive": {
          "advanced_configuration": [],
          "bi_connector_config": [],
          "connection_strings": [],
          "labels": [],
          "replication_specs": [
            {
              "regions_config": [
                {}
              ]
            }
          ],
          "snapshot_backup_policy": [],
          "tags": []
        }
      }
    }
  ],
  "output_changes": {
    "connection_strings": {
      "actions": [
        "create"
      ],
      "before": null,
      "after_unknown": true,
      "before_sensitive": false,
      "after_sensitive": false
    }
  },
  "configuration": {
    "provider_config": {
      "mongodbatlas": {
        "name": "mongodbatlas",
        "full_name": "registry.terraform.io/mongodb/mongodbatlas",
        "version_constraint": "~> 1.15.0",
        "expressions": {
          "private_key": {
            "constant_value": "f8f07ab2-b1c4-4f0b-914a-f7c2f82f4e07"
          },
          "public_key": {
            "constant_value": "pqnxkezr"
          }
        }
      }
    },
    "root_module": {
      "outputs": {
        "connection_strings": {
          "expression": {
            "references": [
              "mongodbatlas_cluster.cluster.connection_strings[0].standard_srv",
              "mongodbatlas_cluster.cluster.connection_strings[0]",
              "mongodbatlas_cluster.cluster.connection_strings",
              "mongodbatlas_cluster.cluster"
            ]
          }
        }
      },
      "resources": [
        {
          "address": "mongodbatlas_cluster.cluster",
          "mode": "managed",
          "type": "mongodbatlas_cluster",
          "name": "cluster",
          "provider_config_key": "mongodbatlas",
          "expressions": {
            "cluster_type": {
              "constant_value": "REPLICASET"
            },
            "mongo_db_major_version": {
              "references": [
                "var.mongodbversion"
              ]
            },
            "name": {
              "references": [
                "var.cluster_name"
              ]
            },
            "project_id": {
              "references": [
                "var.project_id"
              ]
            },
            "provider_instance_size_name": {
              "constant_value": "M10"
            },
            "provider_name": {
              "references": [
                "var.cloud_provider"
              ]
            },
            "replication_specs": [
              {
                "num_shards": {
                  "constant_value": 1
                },
                "regions_config": [
                  {
                    "electable_nodes": {
                      "constant_value": 3
                    },
                    "priority": {
                      "constant_value": 7
                    },
                    "read_only_nodes": {
                      "constant_value": 0
                    },
                    "region_name": {
                      "references": [
                        "var.region"
                      ]
                    }
                  }
                ]
              }
            ]
          },
          "schema_version": 1
        }
      ],
      "variables": {
        "cloud_provider": {
          "description": "The cloud provider to use, must be AWS, GCP or AZURE"
        },
        "cluster_name": {
          "description": "The MongoDB Atlas Cluster Name"
        },
        "database_name": {
          "description": "The database in the cluster to limit the database user to, the database does not have to exist yet"
        },
        "dbuser": {
          "description": "MongoDB Atlas Database User Name"
        },
        "dbuser_password": {
          "description": "MongoDB Atlas Database User Password"
        },
        "ip_address": {
          "description": "The IP address that the cluster will be accessed from, can also be a CIDR range or AWS security group"
        },
        "mongodbversion": {
          "description": "The Major MongoDB Version"
        },
        "private_key": {
          "description": "Private Programmatic API key to authenticate to Atlas"
        },
        "project_id": {
          "description": "The MongoDB Atlas Project ID"
        },
        "public_key": {
          "description": "Public Programmatic API key to authenticate to Atlas"
        },
        "region": {
          "description": "MongoDB Atlas Cluster Region, must be a region for the provider given"
        }
      }
    }
  },
  "relevant_attributes": [
    {
      "resource": "mongodbatlas_cluster.cluster",
      "attribute": [
        "connection_strings",
        0,
        "standard_srv"
      ]
    }
  ],
  "timestamp": "2025-07-31T15:03:06Z",
  "applyable": true,
  "complete": true,
  "errored": false
}
