{
  "version": 4,
  "terraform_version": "1.8.4",
  "serial": 7,
  "lineage": "f1fdc8cc-3836-6289-8ad7-b7faf2f77931",
  "outputs": {
    "user_password": {
      "value": "WMUZE8MiQJH%g3qw",
      "type": "string",
      "sensitive": true
    }
  },
  "resources": [
    {
      "mode": "managed",
      "type": "mongodbatlas_custom_db_role",
      "name": "no_deletions",
      "provider": "provider[\"registry.terraform.io/mongodb/mongodbatlas\"]",
      "instances": [
        {
          "schema_version": 0,
          "attributes": {
            "actions": [
              {
                "action": "UPDATE",
                "resources": [
                  {
                    "cluster": null,
                    "collection_name": "",
                    "database_name": "test"
                  }
                ]
              },
              {
                "action": "INSERT",
                "resources": [
                  {
                    "cluster": null,
                    "collection_name": "",
                    "database_name": "test"
                  }
                ]
              },
              {
                "action": "REMOVE",
                "resources": [
                  {
                    "cluster": null,
                    "collection_name": "",
                    "database_name": "test"
                  }
                ]
              }
            ],
            "id": "cHJvamVjdF9pZA==:Njg4YjdhNTlmNmY5NWUwZmMxMTdkMzdi-cm9sZV9uYW1l:bm9fZGVsZXRpb25z",
            "inherited_roles": [],
            "project_id": "688b7a59f6f95e0fc117d37b",
            "role_name": "no_deletions"
          },
          "sensitive_attributes": [],
          "private": "bnVsbA=="
        }
      ]
    },
    {
      "mode": "managed",
      "type": "mongodbatlas_database_user",
      "name": "user-1",
      "provider": "provider[\"registry.terraform.io/mongodb/mongodbatlas\"]",
      "instances": [
        {
          "schema_version": 0,
          "attributes": {
            "auth_database_name": "admin",
            "aws_iam_type": "NONE",
            "id": "YXV0aF9kYXRhYmFzZV9uYW1l:YWRtaW4=-cHJvamVjdF9pZA==:Njg4YjdhNTlmNmY5NWUwZmMxMTdkMzdi-dXNlcm5hbWU=:dXNlci0x",
            "labels": [],
            "ldap_auth_type": "NONE",
            "oidc_auth_type": "NONE",
            "password": "WMUZE8MiQJH%g3qw",
            "project_id": "688b7a59f6f95e0fc117d37b",
            "roles": [
              {
                "collection_name": null,
                "database_name": "admin",
                "role_name": "no_deletions"
              }
            ],
            "scopes": [
              {
                "name": "tfvdj",
                "type": "CLUSTER"
              }
            ],
            "username": "user-1",
            "x509_type": "NONE"
          },
          "sensitive_attributes": [
            [
              {
                "type": "get_attr",
                "value": "password"
              }
            ]
          ],
          "dependencies": [
            "mongodbatlas_custom_db_role.no_deletions",
            "random_password.user-1-password"
          ]
        }
      ]
    },
    {
      "mode": "managed",
      "type": "random_password",
      "name": "user-1-password",
      "provider": "provider[\"registry.terraform.io/hashicorp/random\"]",
      "instances": [
        {
          "schema_version": 3,
          "attributes": {
            "bcrypt_hash": "$2a$10$clintFg4C.YkgFl.jg7.BOWiOnFaSeFYbT2qD/8amnceBjzUNuC2y",
            "id": "none",
            "keepers": null,
            "length": 16,
            "lower": true,
            "min_lower": 0,
            "min_numeric": 0,
            "min_special": 0,
            "min_upper": 0,
            "number": true,
            "numeric": true,
            "override_special": "_%@",
            "result": "WMUZE8MiQJH%g3qw",
            "special": true,
            "upper": true
          },
          "sensitive_attributes": [
            [
              {
                "type": "get_attr",
                "value": "result"
              }
            ],
            [
              {
                "type": "get_attr",
                "value": "bcrypt_hash"
              }
            ]
          ]
        }
      ]
    }
  ],
  "check_results": null
}
